
Microsoft Visual Studio Solution File, Format Version 12.00
# Visual Studio Version 16
VisualStudioVersion = 16.0.29306.81
MinimumVisualStudioVersion = 10.0.40219.1
Project("{FAE04EC0-301F-11D3-BF4B-00C04F79EFBC}") = "Salario mas 40 porciento", "Salario mas 40 porciento.csproj", "{918A72D1-BAD7-49BC-AB9E-810FAE8FF76A}"
EndProject
Global
	GlobalSection(SolutionConfigurationPlatforms) = preSolution
		Debug|Any CPU = Debug|Any CPU
		Release|Any CPU = Release|Any CPU
	EndGlobalSection
	GlobalSection(ProjectConfigurationPlatforms) = postSolution
		{918A72D1-BAD7-49BC-AB9E-810FAE8FF76A}.Debug|Any CPU.ActiveCfg = Debug|Any CPU
		{918A72D1-BAD7-49BC-AB9E-810FAE8FF76A}.Debug|Any CPU.Build.0 = Debug|Any CPU
		{918A72D1-BAD7-49BC-AB9E-810FAE8FF76A}.Release|Any CPU.ActiveCfg = Release|Any CPU
		{918A72D1-BAD7-49BC-AB9E-810FAE8FF76A}.Release|Any CPU.Build.0 = Release|Any CPU
	EndGlobalSection
	GlobalSection(SolutionProperties) = preSolution
		HideSolutionNode = FALSE
	EndGlobalSection
	GlobalSection(ExtensibilityGlobals) = postSolution
		SolutionGuid = {9E277B91-51EE-4AE1-A1CC-0442A44671B3}
	EndGlobalSection
EndGlobal
